// !$*UTF8*$!
{
	archiveVersion = 1;
	classes = {
	};
	objectVersion = 54;
	objects = {

/* Begin PBXBuildFile section */
		F17E0BC42786685C00045516 /* AppDelegate.swift in Sources */ = {isa = PBXBuildFile; fileRef = F17E0BC32786685C00045516 /* AppDelegate.swift */; };
		F17E0BCD2786685E00045516 /* Assets.xcassets in Resources */ = {isa = PBXBuildFile; fileRef = F17E0BCC2786685E00045516 /* Assets.xcassets */; };
		F17E0BD02786685E00045516 /* LaunchScreen.storyboard in Resources */ = {isa = PBXBuildFile; fileRef = F17E0BCE2786685E00045516 /* LaunchScreen.storyboard */; };
		F17E0BDB2786685E00045516 /* vmoviesTests.swift in Sources */ = {isa = PBXBuildFile; fileRef = F17E0BDA2786685E00045516 /* vmoviesTests.swift */; };
		F17E0BE62786685F00045516 /* vmoviesUITests.swift in Sources */ = {isa = PBXBuildFile; fileRef = F17E0BE52786685F00045516 /* vmoviesUITests.swift */; };
		F17E0C342786755A00045516 /* Splash.storyboard in Resources */ = {isa = PBXBuildFile; fileRef = F17E0C332786755A00045516 /* Splash.storyboard */; };
		F17E0C3E2786759900045516 /* SplashProtocols.swift in Sources */ = {isa = PBXBuildFile; fileRef = F17E0C3D2786759900045516 /* SplashProtocols.swift */; };
		F17E0C46278675A500045516 /* SplashRouter.swift in Sources */ = {isa = PBXBuildFile; fileRef = F17E0C45278675A500045516 /* SplashRouter.swift */; };
		F17E0C4B278677B400045516 /* SplashInteractor.swift in Sources */ = {isa = PBXBuildFile; fileRef = F17E0C4A278677B400045516 /* SplashInteractor.swift */; };
		F17E0C50278677C000045516 /* SplashPresenter.swift in Sources */ = {isa = PBXBuildFile; fileRef = F17E0C4F278677C000045516 /* SplashPresenter.swift */; };
		F17E0C55278678F100045516 /* SplashViewController.swift in Sources */ = {isa = PBXBuildFile; fileRef = F17E0C54278678F100045516 /* SplashViewController.swift */; };
		F17E0C5A278679BD00045516 /* SplashBuilder.swift in Sources */ = {isa = PBXBuildFile; fileRef = F17E0C59278679BD00045516 /* SplashBuilder.swift */; };
		F17E0C802786821C00045516 /* Colors.xcassets in Resources */ = {isa = PBXBuildFile; fileRef = F17E0C7F2786821B00045516 /* Colors.xcassets */; };
		F17E0CEC2786872500045516 /* R.generated.swift in Sources */ = {isa = PBXBuildFile; fileRef = F17E0CEB2786872500045516 /* R.generated.swift */; };
		F1D059C02787CD5B008AFEED /* MoviesListPresenter.swift in Sources */ = {isa = PBXBuildFile; fileRef = F1D059B02787CD5A008AFEED /* MoviesListPresenter.swift */; };
		F1D059C12787CD5B008AFEED /* AdPlaceHolderTableViewCell.swift in Sources */ = {isa = PBXBuildFile; fileRef = F1D059B32787CD5A008AFEED /* AdPlaceHolderTableViewCell.swift */; };
		F1D059C22787CD5B008AFEED /* MovieTableViewCell.swift in Sources */ = {isa = PBXBuildFile; fileRef = F1D059B42787CD5A008AFEED /* MovieTableViewCell.swift */; };
		F1D059C32787CD5B008AFEED /* MoviesListViewController.swift in Sources */ = {isa = PBXBuildFile; fileRef = F1D059B52787CD5A008AFEED /* MoviesListViewController.swift */; };
		F1D059C42787CD5B008AFEED /* MoviesListProtocols.swift in Sources */ = {isa = PBXBuildFile; fileRef = F1D059B72787CD5A008AFEED /* MoviesListProtocols.swift */; };
		F1D059C52787CD5B008AFEED /* MoviesListInteractor.swift in Sources */ = {isa = PBXBuildFile; fileRef = F1D059B92787CD5A008AFEED /* MoviesListInteractor.swift */; };
		F1D059C62787CD5B008AFEED /* MoviesListRouter.swift in Sources */ = {isa = PBXBuildFile; fileRef = F1D059BB2787CD5B008AFEED /* MoviesListRouter.swift */; };
		F1D059C72787CD5B008AFEED /* MoviesList.storyboard in Resources */ = {isa = PBXBuildFile; fileRef = F1D059BD2787CD5B008AFEED /* MoviesList.storyboard */; };
		F1D059C82787CD5B008AFEED /* MoviesListBuilder.swift in Sources */ = {isa = PBXBuildFile; fileRef = F1D059BF2787CD5B008AFEED /* MoviesListBuilder.swift */; };
		FF84331D6F4DE136A06E7A0A /* libPods-vmovies.a in Frameworks */ = {isa = PBXBuildFile; fileRef = 3F4818AAC7DC0048A3008DAE /* libPods-vmovies.a */; };
/* End PBXBuildFile section */

/* Begin PBXContainerItemProxy section */
		F17E0BD72786685E00045516 /* PBXContainerItemProxy */ = {
			isa = PBXContainerItemProxy;
			containerPortal = F17E0BB82786685C00045516 /* Project object */;
			proxyType = 1;
			remoteGlobalIDString = F17E0BBF2786685C00045516;
			remoteInfo = vmovies;
		};
		F17E0BE22786685F00045516 /* PBXContainerItemProxy */ = {
			isa = PBXContainerItemProxy;
			containerPortal = F17E0BB82786685C00045516 /* Project object */;
			proxyType = 1;
			remoteGlobalIDString = F17E0BBF2786685C00045516;
			remoteInfo = vmovies;
		};
/* End PBXContainerItemProxy section */

/* Begin PBXFileReference section */
		0772EA163A253BAC995A0ED6 /* Pods-vmovies.debug.xcconfig */ = {isa = PBXFileReference; includeInIndex = 1; lastKnownFileType = text.xcconfig; name = "Pods-vmovies.debug.xcconfig"; path = "Target Support Files/Pods-vmovies/Pods-vmovies.debug.xcconfig"; sourceTree = "<group>"; };
		3F4818AAC7DC0048A3008DAE /* libPods-vmovies.a */ = {isa = PBXFileReference; explicitFileType = archive.ar; includeInIndex = 0; path = "libPods-vmovies.a"; sourceTree = BUILT_PRODUCTS_DIR; };
		6D92937F962740A08B6934F9 /* Pods-vmovies.release.xcconfig */ = {isa = PBXFileReference; includeInIndex = 1; lastKnownFileType = text.xcconfig; name = "Pods-vmovies.release.xcconfig"; path = "Target Support Files/Pods-vmovies/Pods-vmovies.release.xcconfig"; sourceTree = "<group>"; };
		F17E0BC02786685C00045516 /* vmovies.app */ = {isa = PBXFileReference; explicitFileType = wrapper.application; includeInIndex = 0; path = vmovies.app; sourceTree = BUILT_PRODUCTS_DIR; };
		F17E0BC32786685C00045516 /* AppDelegate.swift */ = {isa = PBXFileReference; lastKnownFileType = sourcecode.swift; path = AppDelegate.swift; sourceTree = "<group>"; };
		F17E0BCC2786685E00045516 /* Assets.xcassets */ = {isa = PBXFileReference; lastKnownFileType = folder.assetcatalog; path = Assets.xcassets; sourceTree = "<group>"; };
		F17E0BCF2786685E00045516 /* Base */ = {isa = PBXFileReference; lastKnownFileType = file.storyboard; name = Base; path = Base.lproj/LaunchScreen.storyboard; sourceTree = "<group>"; };
		F17E0BD12786685E00045516 /* Info.plist */ = {isa = PBXFileReference; lastKnownFileType = text.plist.xml; path = Info.plist; sourceTree = "<group>"; };
		F17E0BD62786685E00045516 /* vmoviesTests.xctest */ = {isa = PBXFileReference; explicitFileType = wrapper.cfbundle; includeInIndex = 0; path = vmoviesTests.xctest; sourceTree = BUILT_PRODUCTS_DIR; };
		F17E0BDA2786685E00045516 /* vmoviesTests.swift */ = {isa = PBXFileReference; lastKnownFileType = sourcecode.swift; path = vmoviesTests.swift; sourceTree = "<group>"; };
		F17E0BDC2786685E00045516 /* Info.plist */ = {isa = PBXFileReference; lastKnownFileType = text.plist.xml; path = Info.plist; sourceTree = "<group>"; };
		F17E0BE12786685F00045516 /* vmoviesUITests.xctest */ = {isa = PBXFileReference; explicitFileType = wrapper.cfbundle; includeInIndex = 0; path = vmoviesUITests.xctest; sourceTree = BUILT_PRODUCTS_DIR; };
		F17E0BE52786685F00045516 /* vmoviesUITests.swift */ = {isa = PBXFileReference; lastKnownFileType = sourcecode.swift; path = vmoviesUITests.swift; sourceTree = "<group>"; };
		F17E0BE72786685F00045516 /* Info.plist */ = {isa = PBXFileReference; lastKnownFileType = text.plist.xml; path = Info.plist; sourceTree = "<group>"; };
		F17E0C332786755A00045516 /* Splash.storyboard */ = {isa = PBXFileReference; lastKnownFileType = file.storyboard; path = Splash.storyboard; sourceTree = "<group>"; };
		F17E0C3D2786759900045516 /* SplashProtocols.swift */ = {isa = PBXFileReference; lastKnownFileType = sourcecode.swift; path = SplashProtocols.swift; sourceTree = "<group>"; };
		F17E0C45278675A500045516 /* SplashRouter.swift */ = {isa = PBXFileReference; lastKnownFileType = sourcecode.swift; path = SplashRouter.swift; sourceTree = "<group>"; };
		F17E0C4A278677B400045516 /* SplashInteractor.swift */ = {isa = PBXFileReference; lastKnownFileType = sourcecode.swift; path = SplashInteractor.swift; sourceTree = "<group>"; };
		F17E0C4F278677C000045516 /* SplashPresenter.swift */ = {isa = PBXFileReference; lastKnownFileType = sourcecode.swift; path = SplashPresenter.swift; sourceTree = "<group>"; };
		F17E0C54278678F100045516 /* SplashViewController.swift */ = {isa = PBXFileReference; lastKnownFileType = sourcecode.swift; path = SplashViewController.swift; sourceTree = "<group>"; };
		F17E0C59278679BD00045516 /* SplashBuilder.swift */ = {isa = PBXFileReference; lastKnownFileType = sourcecode.swift; path = SplashBuilder.swift; sourceTree = "<group>"; };
		F17E0C7F2786821B00045516 /* Colors.xcassets */ = {isa = PBXFileReference; lastKnownFileType = folder.assetcatalog; path = Colors.xcassets; sourceTree = "<group>"; };
		F17E0CEB2786872500045516 /* R.generated.swift */ = {isa = PBXFileReference; fileEncoding = 4; lastKnownFileType = sourcecode.swift; path = R.generated.swift; sourceTree = SOURCE_ROOT; };
		F1D059B02787CD5A008AFEED /* MoviesListPresenter.swift */ = {isa = PBXFileReference; fileEncoding = 4; lastKnownFileType = sourcecode.swift; path = MoviesListPresenter.swift; sourceTree = "<group>"; };
		F1D059B32787CD5A008AFEED /* AdPlaceHolderTableViewCell.swift */ = {isa = PBXFileReference; fileEncoding = 4; lastKnownFileType = sourcecode.swift; path = AdPlaceHolderTableViewCell.swift; sourceTree = "<group>"; };
		F1D059B42787CD5A008AFEED /* MovieTableViewCell.swift */ = {isa = PBXFileReference; fileEncoding = 4; lastKnownFileType = sourcecode.swift; path = MovieTableViewCell.swift; sourceTree = "<group>"; };
		F1D059B52787CD5A008AFEED /* MoviesListViewController.swift */ = {isa = PBXFileReference; fileEncoding = 4; lastKnownFileType = sourcecode.swift; path = MoviesListViewController.swift; sourceTree = "<group>"; };
		F1D059B72787CD5A008AFEED /* MoviesListProtocols.swift */ = {isa = PBXFileReference; fileEncoding = 4; lastKnownFileType = sourcecode.swift; path = MoviesListProtocols.swift; sourceTree = "<group>"; };
		F1D059B92787CD5A008AFEED /* MoviesListInteractor.swift */ = {isa = PBXFileReference; fileEncoding = 4; lastKnownFileType = sourcecode.swift; path = MoviesListInteractor.swift; sourceTree = "<group>"; };
		F1D059BB2787CD5B008AFEED /* MoviesListRouter.swift */ = {isa = PBXFileReference; fileEncoding = 4; lastKnownFileType = sourcecode.swift; path = MoviesListRouter.swift; sourceTree = "<group>"; };
		F1D059BD2787CD5B008AFEED /* MoviesList.storyboard */ = {isa = PBXFileReference; fileEncoding = 4; lastKnownFileType = file.storyboard; path = MoviesList.storyboard; sourceTree = "<group>"; };
		F1D059BF2787CD5B008AFEED /* MoviesListBuilder.swift */ = {isa = PBXFileReference; fileEncoding = 4; lastKnownFileType = sourcecode.swift; path = MoviesListBuilder.swift; sourceTree = "<group>"; };
/* End PBXFileReference section */

/* Begin PBXFrameworksBuildPhase section */
		F17E0BBD2786685C00045516 /* Frameworks */ = {
			isa = PBXFrameworksBuildPhase;
			buildActionMask = 2147483647;
			files = (
				FF84331D6F4DE136A06E7A0A /* libPods-vmovies.a in Frameworks */,
			);
			runOnlyForDeploymentPostprocessing = 0;
		};
		F17E0BD32786685E00045516 /* Frameworks */ = {
			isa = PBXFrameworksBuildPhase;
			buildActionMask = 2147483647;
			files = (
			);
			runOnlyForDeploymentPostprocessing = 0;
		};
		F17E0BDE2786685F00045516 /* Frameworks */ = {
			isa = PBXFrameworksBuildPhase;
			buildActionMask = 2147483647;
			files = (
			);
			runOnlyForDeploymentPostprocessing = 0;
		};
/* End PBXFrameworksBuildPhase section */

/* Begin PBXGroup section */
		365C6FF456F7E0C982637828 /* Pods */ = {
			isa = PBXGroup;
			children = (
				0772EA163A253BAC995A0ED6 /* Pods-vmovies.debug.xcconfig */,
				6D92937F962740A08B6934F9 /* Pods-vmovies.release.xcconfig */,
			);
			path = Pods;
			sourceTree = "<group>";
		};
		7C4D426792BDB96435E24F84 /* Frameworks */ = {
			isa = PBXGroup;
			children = (
				3F4818AAC7DC0048A3008DAE /* libPods-vmovies.a */,
			);
			name = Frameworks;
			sourceTree = "<group>";
		};
		F17E0BB72786685C00045516 = {
			isa = PBXGroup;
			children = (
				F17E0BC22786685C00045516 /* vmovies */,
				F17E0BD92786685E00045516 /* vmoviesTests */,
				F17E0BE42786685F00045516 /* vmoviesUITests */,
				F17E0BC12786685C00045516 /* Products */,
				365C6FF456F7E0C982637828 /* Pods */,
				7C4D426792BDB96435E24F84 /* Frameworks */,
			);
			sourceTree = "<group>";
		};
		F17E0BC12786685C00045516 /* Products */ = {
			isa = PBXGroup;
			children = (
				F17E0BC02786685C00045516 /* vmovies.app */,
				F17E0BD62786685E00045516 /* vmoviesTests.xctest */,
				F17E0BE12786685F00045516 /* vmoviesUITests.xctest */,
			);
			name = Products;
			sourceTree = "<group>";
		};
		F17E0BC22786685C00045516 /* vmovies */ = {
			isa = PBXGroup;
			children = (
				F17E0CEB2786872500045516 /* R.generated.swift */,
				F17E0C0127866B3100045516 /* Common */,
				F17E0C0027866B2700045516 /* Modules */,
				F17E0BFF27866B1B00045516 /* Models */,
				F17E0BF6278669F500045516 /* Application */,
				F17E0BFE27866B0A00045516 /* Managers */,
				F17E0BCC2786685E00045516 /* Assets.xcassets */,
				F17E0BD12786685E00045516 /* Info.plist */,
				F17E0BCE2786685E00045516 /* LaunchScreen.storyboard */,
				F17E0C7F2786821B00045516 /* Colors.xcassets */,
			);
			path = vmovies;
			sourceTree = "<group>";
		};
		F17E0BD92786685E00045516 /* vmoviesTests */ = {
			isa = PBXGroup;
			children = (
				F17E0BDA2786685E00045516 /* vmoviesTests.swift */,
				F17E0BDC2786685E00045516 /* Info.plist */,
			);
			path = vmoviesTests;
			sourceTree = "<group>";
		};
		F17E0BE42786685F00045516 /* vmoviesUITests */ = {
			isa = PBXGroup;
			children = (
				F17E0BE52786685F00045516 /* vmoviesUITests.swift */,
				F17E0BE72786685F00045516 /* Info.plist */,
			);
			path = vmoviesUITests;
			sourceTree = "<group>";
		};
		F17E0BF6278669F500045516 /* Application */ = {
			isa = PBXGroup;
			children = (
				F17E0BC32786685C00045516 /* AppDelegate.swift */,
			);
			path = Application;
			sourceTree = "<group>";
		};
		F17E0BFE27866B0A00045516 /* Managers */ = {
			isa = PBXGroup;
			children = (
			);
			path = Managers;
			sourceTree = "<group>";
		};
		F17E0BFF27866B1B00045516 /* Models */ = {
			isa = PBXGroup;
			children = (
			);
			path = Models;
			sourceTree = "<group>";
		};
		F17E0C0027866B2700045516 /* Modules */ = {
			isa = PBXGroup;
			children = (
				F1D059AD2787CD5A008AFEED /* Movies List */,
				F17E0C2F278673F800045516 /* Splash */,
			);
			path = Modules;
			sourceTree = "<group>";
		};
		F17E0C0127866B3100045516 /* Common */ = {
			isa = PBXGroup;
			children = (
				F17E0C0327866B6E00045516 /* Extensions */,
				F17E0C0227866B4C00045516 /* Constants */,
			);
			path = Common;
			sourceTree = "<group>";
		};
		F17E0C0227866B4C00045516 /* Constants */ = {
			isa = PBXGroup;
			children = (
			);
			path = Constants;
			sourceTree = "<group>";
		};
		F17E0C0327866B6E00045516 /* Extensions */ = {
			isa = PBXGroup;
			children = (
			);
			path = Extensions;
			sourceTree = "<group>";
		};
		F17E0C2F278673F800045516 /* Splash */ = {
			isa = PBXGroup;
			children = (
				F17E0C322786754A00045516 /* Storyboard */,
				F17E0C312786754500045516 /* Core */,
				F17E0C302786754000045516 /* Builder */,
			);
			path = Splash;
			sourceTree = "<group>";
		};
		F17E0C302786754000045516 /* Builder */ = {
			isa = PBXGroup;
			children = (
				F17E0C59278679BD00045516 /* SplashBuilder.swift */,
			);
			path = Builder;
			sourceTree = "<group>";
		};
		F17E0C312786754500045516 /* Core */ = {
			isa = PBXGroup;
			children = (
				F17E0C3C2786757800045516 /* Protocols */,
				F17E0C3B2786756E00045516 /* Router */,
				F17E0C3A2786756800045516 /* Interactor */,
				F17E0C392786756400045516 /* Presenter */,
				F17E0C382786755F00045516 /* View */,
			);
			path = Core;
			sourceTree = "<group>";
		};
		F17E0C322786754A00045516 /* Storyboard */ = {
			isa = PBXGroup;
			children = (
				F17E0C332786755A00045516 /* Splash.storyboard */,
			);
			path = Storyboard;
			sourceTree = "<group>";
		};
		F17E0C382786755F00045516 /* View */ = {
			isa = PBXGroup;
			children = (
				F17E0C54278678F100045516 /* SplashViewController.swift */,
			);
			path = View;
			sourceTree = "<group>";
		};
		F17E0C392786756400045516 /* Presenter */ = {
			isa = PBXGroup;
			children = (
				F17E0C4F278677C000045516 /* SplashPresenter.swift */,
			);
			path = Presenter;
			sourceTree = "<group>";
		};
		F17E0C3A2786756800045516 /* Interactor */ = {
			isa = PBXGroup;
			children = (
				F17E0C4A278677B400045516 /* SplashInteractor.swift */,
			);
			path = Interactor;
			sourceTree = "<group>";
		};
		F17E0C3B2786756E00045516 /* Router */ = {
			isa = PBXGroup;
			children = (
				F17E0C45278675A500045516 /* SplashRouter.swift */,
			);
			path = Router;
			sourceTree = "<group>";
		};
		F17E0C3C2786757800045516 /* Protocols */ = {
			isa = PBXGroup;
			children = (
				F17E0C3D2786759900045516 /* SplashProtocols.swift */,
			);
			path = Protocols;
			sourceTree = "<group>";
		};
		F1D059AD2787CD5A008AFEED /* Movies List */ = {
			isa = PBXGroup;
			children = (
				F1D059AE2787CD5A008AFEED /* Core */,
				F1D059BC2787CD5B008AFEED /* Storyboard */,
				F1D059BE2787CD5B008AFEED /* Builder */,
			);
			path = "Movies List";
			sourceTree = "<group>";
		};
		F1D059AE2787CD5A008AFEED /* Core */ = {
			isa = PBXGroup;
			children = (
				F1D059AF2787CD5A008AFEED /* Presenter */,
				F1D059B12787CD5A008AFEED /* View */,
				F1D059B62787CD5A008AFEED /* Protocols */,
				F1D059B82787CD5A008AFEED /* Interactor */,
				F1D059BA2787CD5A008AFEED /* Router */,
			);
			path = Core;
			sourceTree = "<group>";
		};
		F1D059AF2787CD5A008AFEED /* Presenter */ = {
			isa = PBXGroup;
			children = (
				F1D059B02787CD5A008AFEED /* MoviesListPresenter.swift */,
			);
			path = Presenter;
			sourceTree = "<group>";
		};
		F1D059B12787CD5A008AFEED /* View */ = {
			isa = PBXGroup;
			children = (
				F1D059B22787CD5A008AFEED /* Cells */,
				F1D059B52787CD5A008AFEED /* MoviesListViewController.swift */,
			);
			path = View;
			sourceTree = "<group>";
		};
		F1D059B22787CD5A008AFEED /* Cells */ = {
			isa = PBXGroup;
			children = (
				F1D059B32787CD5A008AFEED /* AdPlaceHolderTableViewCell.swift */,
				F1D059B42787CD5A008AFEED /* MovieTableViewCell.swift */,
			);
			path = Cells;
			sourceTree = "<group>";
		};
		F1D059B62787CD5A008AFEED /* Protocols */ = {
			isa = PBXGroup;
			children = (
				F1D059B72787CD5A008AFEED /* MoviesListProtocols.swift */,
			);
			path = Protocols;
			sourceTree = "<group>";
		};
		F1D059B82787CD5A008AFEED /* Interactor */ = {
			isa = PBXGroup;
			children = (
				F1D059B92787CD5A008AFEED /* MoviesListInteractor.swift */,
			);
			path = Interactor;
			sourceTree = "<group>";
		};
		F1D059BA2787CD5A008AFEED /* Router */ = {
			isa = PBXGroup;
			children = (
				F1D059BB2787CD5B008AFEED /* MoviesListRouter.swift */,
			);
			path = Router;
			sourceTree = "<group>";
		};
		F1D059BC2787CD5B008AFEED /* Storyboard */ = {
			isa = PBXGroup;
			children = (
				F1D059BD2787CD5B008AFEED /* MoviesList.storyboard */,
			);
			path = Storyboard;
			sourceTree = "<group>";
		};
		F1D059BE2787CD5B008AFEED /* Builder */ = {
			isa = PBXGroup;
			children = (
				F1D059BF2787CD5B008AFEED /* MoviesListBuilder.swift */,
			);
			path = Builder;
			sourceTree = "<group>";
		};
/* End PBXGroup section */

/* Begin PBXNativeTarget section */
		F17E0BBF2786685C00045516 /* vmovies */ = {
			isa = PBXNativeTarget;
			buildConfigurationList = F17E0BEA2786685F00045516 /* Build configuration list for PBXNativeTarget "vmovies" */;
			buildPhases = (
				AF61C8D0314DE08C84DA2EEA /* [CP] Check Pods Manifest.lock */,
				F17E0C842786840900045516 /* Generate R Swift Files */,
				F17E0BBC2786685C00045516 /* Sources */,
				F17E0BBD2786685C00045516 /* Frameworks */,
				F17E0BBE2786685C00045516 /* Resources */,
			);
			buildRules = (
			);
			dependencies = (
			);
			name = vmovies;
			productName = vmovies;
			productReference = F17E0BC02786685C00045516 /* vmovies.app */;
			productType = "com.apple.product-type.application";
		};
		F17E0BD52786685E00045516 /* vmoviesTests */ = {
			isa = PBXNativeTarget;
			buildConfigurationList = F17E0BED2786685F00045516 /* Build configuration list for PBXNativeTarget "vmoviesTests" */;
			buildPhases = (
				F17E0BD22786685E00045516 /* Sources */,
				F17E0BD32786685E00045516 /* Frameworks */,
				F17E0BD42786685E00045516 /* Resources */,
			);
			buildRules = (
			);
			dependencies = (
				F17E0BD82786685E00045516 /* PBXTargetDependency */,
			);
			name = vmoviesTests;
			productName = vmoviesTests;
			productReference = F17E0BD62786685E00045516 /* vmoviesTests.xctest */;
			productType = "com.apple.product-type.bundle.unit-test";
		};
		F17E0BE02786685F00045516 /* vmoviesUITests */ = {
			isa = PBXNativeTarget;
			buildConfigurationList = F17E0BF02786685F00045516 /* Build configuration list for PBXNativeTarget "vmoviesUITests" */;
			buildPhases = (
				F17E0BDD2786685F00045516 /* Sources */,
				F17E0BDE2786685F00045516 /* Frameworks */,
				F17E0BDF2786685F00045516 /* Resources */,
			);
			buildRules = (
			);
			dependencies = (
				F17E0BE32786685F00045516 /* PBXTargetDependency */,
			);
			name = vmoviesUITests;
			productName = vmoviesUITests;
			productReference = F17E0BE12786685F00045516 /* vmoviesUITests.xctest */;
			productType = "com.apple.product-type.bundle.ui-testing";
		};
/* End PBXNativeTarget section */

/* Begin PBXProject section */
		F17E0BB82786685C00045516 /* Project object */ = {
			isa = PBXProject;
			attributes = {
				LastSwiftUpdateCheck = 1240;
				LastUpgradeCheck = 1240;
				TargetAttributes = {
					F17E0BBF2786685C00045516 = {
						CreatedOnToolsVersion = 12.4;
					};
					F17E0BD52786685E00045516 = {
						CreatedOnToolsVersion = 12.4;
						TestTargetID = F17E0BBF2786685C00045516;
					};
					F17E0BE02786685F00045516 = {
						CreatedOnToolsVersion = 12.4;
						TestTargetID = F17E0BBF2786685C00045516;
					};
				};
			};
			buildConfigurationList = F17E0BBB2786685C00045516 /* Build configuration list for PBXProject "vmovies" */;
			compatibilityVersion = "Xcode 9.3";
			developmentRegion = en;
			hasScannedForEncodings = 0;
			knownRegions = (
				en,
				Base,
			);
			mainGroup = F17E0BB72786685C00045516;
			productRefGroup = F17E0BC12786685C00045516 /* Products */;
			projectDirPath = "";
			projectRoot = "";
			targets = (
				F17E0BBF2786685C00045516 /* vmovies */,
				F17E0BD52786685E00045516 /* vmoviesTests */,
				F17E0BE02786685F00045516 /* vmoviesUITests */,
			);
		};
/* End PBXProject section */

/* Begin PBXResourcesBuildPhase section */
		F17E0BBE2786685C00045516 /* Resources */ = {
			isa = PBXResourcesBuildPhase;
			buildActionMask = 2147483647;
			files = (
				F17E0BD02786685E00045516 /* LaunchScreen.storyboard in Resources */,
				F17E0C802786821C00045516 /* Colors.xcassets in Resources */,
				F17E0BCD2786685E00045516 /* Assets.xcassets in Resources */,
				F1D059C72787CD5B008AFEED /* MoviesList.storyboard in Resources */,
				F17E0C342786755A00045516 /* Splash.storyboard in Resources */,
			);
			runOnlyForDeploymentPostprocessing = 0;
		};
		F17E0BD42786685E00045516 /* Resources */ = {
			isa = PBXResourcesBuildPhase;
			buildActionMask = 2147483647;
			files = (
			);
			runOnlyForDeploymentPostprocessing = 0;
		};
		F17E0BDF2786685F00045516 /* Resources */ = {
			isa = PBXResourcesBuildPhase;
			buildActionMask = 2147483647;
			files = (
			);
			runOnlyForDeploymentPostprocessing = 0;
		};
/* End PBXResourcesBuildPhase section */

/* Begin PBXShellScriptBuildPhase section */
		AF61C8D0314DE08C84DA2EEA /* [CP] Check Pods Manifest.lock */ = {
			isa = PBXShellScriptBuildPhase;
			buildActionMask = 2147483647;
			files = (
			);
			inputFileListPaths = (
			);
			inputPaths = (
				"${PODS_PODFILE_DIR_PATH}/Podfile.lock",
				"${PODS_ROOT}/Manifest.lock",
			);
			name = "[CP] Check Pods Manifest.lock";
			outputFileListPaths = (
			);
			outputPaths = (
				"$(DERIVED_FILE_DIR)/Pods-vmovies-checkManifestLockResult.txt",
			);
			runOnlyForDeploymentPostprocessing = 0;
			shellPath = /bin/sh;
			shellScript = "diff \"${PODS_PODFILE_DIR_PATH}/Podfile.lock\" \"${PODS_ROOT}/Manifest.lock\" > /dev/null\nif [ $? != 0 ] ; then\n    # print error to STDERR\n    echo \"error: The sandbox is not in sync with the Podfile.lock. Run 'pod install' or update your CocoaPods installation.\" >&2\n    exit 1\nfi\n# This output is used by Xcode 'outputs' to avoid re-running this script phase.\necho \"SUCCESS\" > \"${SCRIPT_OUTPUT_FILE_0}\"\n";
			showEnvVarsInLog = 0;
		};
		F17E0C842786840900045516 /* Generate R Swift Files */ = {
			isa = PBXShellScriptBuildPhase;
			alwaysOutOfDate = 1;
			buildActionMask = 2147483647;
			files = (
			);
			inputFileListPaths = (
			);
			inputPaths = (
				"$TEMP_DIR/rswift-lastrun",
			);
			name = "Generate R Swift Files";
			outputFileListPaths = (
			);
			outputPaths = (
				$SRCROOT/R.generated.swift,
			);
			runOnlyForDeploymentPostprocessing = 0;
			shellPath = /bin/sh;
			shellScript = "\"$PODS_ROOT/R.swift/rswift\" generate \"$SRCROOT/R.generated.swift\"\n\n";
		};
/* End PBXShellScriptBuildPhase section */

/* Begin PBXSourcesBuildPhase section */
		F17E0BBC2786685C00045516 /* Sources */ = {
			isa = PBXSourcesBuildPhase;
			buildActionMask = 2147483647;
			files = (
				F17E0C3E2786759900045516 /* SplashProtocols.swift in Sources */,
				F17E0C50278677C000045516 /* SplashPresenter.swift in Sources */,
				F1D059C02787CD5B008AFEED /* MoviesListPresenter.swift in Sources */,
				F1D059C62787CD5B008AFEED /* MoviesListRouter.swift in Sources */,
				F1D059C52787CD5B008AFEED /* MoviesListInteractor.swift in Sources */,
				F17E0C46278675A500045516 /* SplashRouter.swift in Sources */,
				F1D059C12787CD5B008AFEED /* AdPlaceHolderTableViewCell.swift in Sources */,
				F17E0CEC2786872500045516 /* R.generated.swift in Sources */,
				F1D059C82787CD5B008AFEED /* MoviesListBuilder.swift in Sources */,
				F17E0C55278678F100045516 /* SplashViewController.swift in Sources */,
				F17E0BC42786685C00045516 /* AppDelegate.swift in Sources */,
				F17E0C5A278679BD00045516 /* SplashBuilder.swift in Sources */,
				F1D059C22787CD5B008AFEED /* MovieTableViewCell.swift in Sources */,
				F1D059C42787CD5B008AFEED /* MoviesListProtocols.swift in Sources */,
				F17E0C4B278677B400045516 /* SplashInteractor.swift in Sources */,
				F1D059C32787CD5B008AFEED /* MoviesListViewController.swift in Sources */,
			);
			runOnlyForDeploymentPostprocessing = 0;
		};
		F17E0BD22786685E00045516 /* Sources */ = {
			isa = PBXSourcesBuildPhase;
			buildActionMask = 2147483647;
			files = (
				F17E0BDB2786685E00045516 /* vmoviesTests.swift in Sources */,
			);
			runOnlyForDeploymentPostprocessing = 0;
		};
		F17E0BDD2786685F00045516 /* Sources */ = {
			isa = PBXSourcesBuildPhase;
			buildActionMask = 2147483647;
			files = (
				F17E0BE62786685F00045516 /* vmoviesUITests.swift in Sources */,
			);
			runOnlyForDeploymentPostprocessing = 0;
		};
/* End PBXSourcesBuildPhase section */

/* Begin PBXTargetDependency section */
		F17E0BD82786685E00045516 /* PBXTargetDependency */ = {
			isa = PBXTargetDependency;
			target = F17E0BBF2786685C00045516 /* vmovies */;
			targetProxy = F17E0BD72786685E00045516 /* PBXContainerItemProxy */;
		};
		F17E0BE32786685F00045516 /* PBXTargetDependency */ = {
			isa = PBXTargetDependency;
			target = F17E0BBF2786685C00045516 /* vmovies */;
			targetProxy = F17E0BE22786685F00045516 /* PBXContainerItemProxy */;
		};
/* End PBXTargetDependency section */

/* Begin PBXVariantGroup section */
		F17E0BCE2786685E00045516 /* LaunchScreen.storyboard */ = {
			isa = PBXVariantGroup;
			children = (
				F17E0BCF2786685E00045516 /* Base */,
			);
			name = LaunchScreen.storyboard;
			sourceTree = "<group>";
		};
/* End PBXVariantGroup section */

/* Begin XCBuildConfiguration section */
		F17E0BE82786685F00045516 /* Debug */ = {
			isa = XCBuildConfiguration;
			buildSettings = {
				ALWAYS_SEARCH_USER_PATHS = NO;
				CLANG_ANALYZER_NONNULL = YES;
				CLANG_ANALYZER_NUMBER_OBJECT_CONVERSION = YES_AGGRESSIVE;
				CLANG_CXX_LANGUAGE_STANDARD = "gnu++14";
				CLANG_CXX_LIBRARY = "libc++";
				CLANG_ENABLE_MODULES = YES;
				CLANG_ENABLE_OBJC_ARC = YES;
				CLANG_ENABLE_OBJC_WEAK = YES;
				CLANG_WARN_BLOCK_CAPTURE_AUTORELEASING = YES;
				CLANG_WARN_BOOL_CONVERSION = YES;
				CLANG_WARN_COMMA = YES;
				CLANG_WARN_CONSTANT_CONVERSION = YES;
				CLANG_WARN_DEPRECATED_OBJC_IMPLEMENTATIONS = YES;
				CLANG_WARN_DIRECT_OBJC_ISA_USAGE = YES_ERROR;
				CLANG_WARN_DOCUMENTATION_COMMENTS = YES;
				CLANG_WARN_EMPTY_BODY = YES;
				CLANG_WARN_ENUM_CONVERSION = YES;
				CLANG_WARN_INFINITE_RECURSION = YES;
				CLANG_WARN_INT_CONVERSION = YES;
				CLANG_WARN_NON_LITERAL_NULL_CONVERSION = YES;
				CLANG_WARN_OBJC_IMPLICIT_RETAIN_SELF = YES;
				CLANG_WARN_OBJC_LITERAL_CONVERSION = YES;
				CLANG_WARN_OBJC_ROOT_CLASS = YES_ERROR;
				CLANG_WARN_QUOTED_INCLUDE_IN_FRAMEWORK_HEADER = YES;
				CLANG_WARN_RANGE_LOOP_ANALYSIS = YES;
				CLANG_WARN_STRICT_PROTOTYPES = YES;
				CLANG_WARN_SUSPICIOUS_MOVE = YES;
				CLANG_WARN_UNGUARDED_AVAILABILITY = YES_AGGRESSIVE;
				CLANG_WARN_UNREACHABLE_CODE = YES;
				CLANG_WARN__DUPLICATE_METHOD_MATCH = YES;
				COPY_PHASE_STRIP = NO;
				DEBUG_INFORMATION_FORMAT = dwarf;
				ENABLE_STRICT_OBJC_MSGSEND = YES;
				ENABLE_TESTABILITY = YES;
				GCC_C_LANGUAGE_STANDARD = gnu11;
				GCC_DYNAMIC_NO_PIC = NO;
				GCC_NO_COMMON_BLOCKS = YES;
				GCC_OPTIMIZATION_LEVEL = 0;
				GCC_PREPROCESSOR_DEFINITIONS = (
					"DEBUG=1",
					"$(inherited)",
				);
				GCC_WARN_64_TO_32_BIT_CONVERSION = YES;
				GCC_WARN_ABOUT_RETURN_TYPE = YES_ERROR;
				GCC_WARN_UNDECLARED_SELECTOR = YES;
				GCC_WARN_UNINITIALIZED_AUTOS = YES_AGGRESSIVE;
				GCC_WARN_UNUSED_FUNCTION = YES;
				GCC_WARN_UNUSED_VARIABLE = YES;
				IPHONEOS_DEPLOYMENT_TARGET = 14.4;
				MTL_ENABLE_DEBUG_INFO = INCLUDE_SOURCE;
				MTL_FAST_MATH = YES;
				ONLY_ACTIVE_ARCH = YES;
				SDKROOT = iphoneos;
				SWIFT_ACTIVE_COMPILATION_CONDITIONS = DEBUG;
				SWIFT_OPTIMIZATION_LEVEL = "-Onone";
			};
			name = Debug;
		};
		F17E0BE92786685F00045516 /* Release */ = {
			isa = XCBuildConfiguration;
			buildSettings = {
				ALWAYS_SEARCH_USER_PATHS = NO;
				CLANG_ANALYZER_NONNULL = YES;
				CLANG_ANALYZER_NUMBER_OBJECT_CONVERSION = YES_AGGRESSIVE;
				CLANG_CXX_LANGUAGE_STANDARD = "gnu++14";
				CLANG_CXX_LIBRARY = "libc++";
				CLANG_ENABLE_MODULES = YES;
				CLANG_ENABLE_OBJC_ARC = YES;
				CLANG_ENABLE_OBJC_WEAK = YES;
				CLANG_WARN_BLOCK_CAPTURE_AUTORELEASING = YES;
				CLANG_WARN_BOOL_CONVERSION = YES;
				CLANG_WARN_COMMA = YES;
				CLANG_WARN_CONSTANT_CONVERSION = YES;
				CLANG_WARN_DEPRECATED_OBJC_IMPLEMENTATIONS = YES;
				CLANG_WARN_DIRECT_OBJC_ISA_USAGE = YES_ERROR;
				CLANG_WARN_DOCUMENTATION_COMMENTS = YES;
				CLANG_WARN_EMPTY_BODY = YES;
				CLANG_WARN_ENUM_CONVERSION = YES;
				CLANG_WARN_INFINITE_RECURSION = YES;
				CLANG_WARN_INT_CONVERSION = YES;
				CLANG_WARN_NON_LITERAL_NULL_CONVERSION = YES;
				CLANG_WARN_OBJC_IMPLICIT_RETAIN_SELF = YES;
				CLANG_WARN_OBJC_LITERAL_CONVERSION = YES;
				CLANG_WARN_OBJC_ROOT_CLASS = YES_ERROR;
				CLANG_WARN_QUOTED_INCLUDE_IN_FRAMEWORK_HEADER = YES;
				CLANG_WARN_RANGE_LOOP_ANALYSIS = YES;
				CLANG_WARN_STRICT_PROTOTYPES = YES;
				CLANG_WARN_SUSPICIOUS_MOVE = YES;
				CLANG_WARN_UNGUARDED_AVAILABILITY = YES_AGGRESSIVE;
				CLANG_WARN_UNREACHABLE_CODE = YES;
				CLANG_WARN__DUPLICATE_METHOD_MATCH = YES;
				COPY_PHASE_STRIP = NO;
				DEBUG_INFORMATION_FORMAT = "dwarf-with-dsym";
				ENABLE_NS_ASSERTIONS = NO;
				ENABLE_STRICT_OBJC_MSGSEND = YES;
				GCC_C_LANGUAGE_STANDARD = gnu11;
				GCC_NO_COMMON_BLOCKS = YES;
				GCC_WARN_64_TO_32_BIT_CONVERSION = YES;
				GCC_WARN_ABOUT_RETURN_TYPE = YES_ERROR;
				GCC_WARN_UNDECLARED_SELECTOR = YES;
				GCC_WARN_UNINITIALIZED_AUTOS = YES_AGGRESSIVE;
				GCC_WARN_UNUSED_FUNCTION = YES;
				GCC_WARN_UNUSED_VARIABLE = YES;
				IPHONEOS_DEPLOYMENT_TARGET = 14.4;
				MTL_ENABLE_DEBUG_INFO = NO;
				MTL_FAST_MATH = YES;
				SDKROOT = iphoneos;
				SWIFT_COMPILATION_MODE = wholemodule;
				SWIFT_OPTIMIZATION_LEVEL = "-O";
				VALIDATE_PRODUCT = YES;
			};
			name = Release;
		};
		F17E0BEB2786685F00045516 /* Debug */ = {
			isa = XCBuildConfiguration;
			baseConfigurationReference = 0772EA163A253BAC995A0ED6 /* Pods-vmovies.debug.xcconfig */;
			buildSettings = {
				ASSETCATALOG_COMPILER_APPICON_NAME = AppIcon;
				ASSETCATALOG_COMPILER_GLOBAL_ACCENT_COLOR_NAME = AccentColor;
				CODE_SIGN_STYLE = Automatic;
				DEVELOPMENT_TEAM = 9MDW55AVP8;
				INFOPLIST_FILE = vmovies/Info.plist;
				IPHONEOS_DEPLOYMENT_TARGET = 11.0;
				LD_RUNPATH_SEARCH_PATHS = (
					"$(inherited)",
					"@executable_path/Frameworks",
				);
				PRODUCT_BUNDLE_IDENTIFIER = com.ios.interview.vmovies;
				PRODUCT_NAME = "$(TARGET_NAME)";
				SWIFT_VERSION = 5.0;
				TARGETED_DEVICE_FAMILY = 1;
			};
			name = Debug;
		};
		F17E0BEC2786685F00045516 /* Release */ = {
			isa = XCBuildConfiguration;
			baseConfigurationReference = 6D92937F962740A08B6934F9 /* Pods-vmovies.release.xcconfig */;
			buildSettings = {
				ASSETCATALOG_COMPILER_APPICON_NAME = AppIcon;
				ASSETCATALOG_COMPILER_GLOBAL_ACCENT_COLOR_NAME = AccentColor;
				CODE_SIGN_STYLE = Automatic;
				DEVELOPMENT_TEAM = 9MDW55AVP8;
				INFOPLIST_FILE = vmovies/Info.plist;
				IPHONEOS_DEPLOYMENT_TARGET = 11.0;
				LD_RUNPATH_SEARCH_PATHS = (
					"$(inherited)",
					"@executable_path/Frameworks",
				);
				PRODUCT_BUNDLE_IDENTIFIER = com.ios.interview.vmovies;
				PRODUCT_NAME = "$(TARGET_NAME)";
				SWIFT_VERSION = 5.0;
				TARGETED_DEVICE_FAMILY = 1;
			};
			name = Release;
		};
		F17E0BEE2786685F00045516 /* Debug */ = {
			isa = XCBuildConfiguration;
			buildSettings = {
				ALWAYS_EMBED_SWIFT_STANDARD_LIBRARIES = YES;
				BUNDLE_LOADER = "$(TEST_HOST)";
				CODE_SIGN_STYLE = Automatic;
				DEVELOPMENT_TEAM = 9MDW55AVP8;
				INFOPLIST_FILE = vmoviesTests/Info.plist;
				IPHONEOS_DEPLOYMENT_TARGET = 14.4;
				LD_RUNPATH_SEARCH_PATHS = (
					"$(inherited)",
					"@executable_path/Frameworks",
					"@loader_path/Frameworks",
				);
				PRODUCT_BUNDLE_IDENTIFIER = com.ios.interview.vmoviesTests;
				PRODUCT_NAME = "$(TARGET_NAME)";
				SWIFT_VERSION = 5.0;
				TARGETED_DEVICE_FAMILY = "1,2";
				TEST_HOST = "$(BUILT_PRODUCTS_DIR)/vmovies.app/vmovies";
			};
			name = Debug;
		};
		F17E0BEF2786685F00045516 /* Release */ = {
			isa = XCBuildConfiguration;
			buildSettings = {
				ALWAYS_EMBED_SWIFT_STANDARD_LIBRARIES = YES;
				BUNDLE_LOADER = "$(TEST_HOST)";
				CODE_SIGN_STYLE = Automatic;
				DEVELOPMENT_TEAM = 9MDW55AVP8;
				INFOPLIST_FILE = vmoviesTests/Info.plist;
				IPHONEOS_DEPLOYMENT_TARGET = 14.4;
				LD_RUNPATH_SEARCH_PATHS = (
					"$(inherited)",
					"@executable_path/Frameworks",
					"@loader_path/Frameworks",
				);
				PRODUCT_BUNDLE_IDENTIFIER = com.ios.interview.vmoviesTests;
				PRODUCT_NAME = "$(TARGET_NAME)";
				SWIFT_VERSION = 5.0;
				TARGETED_DEVICE_FAMILY = "1,2";
				TEST_HOST = "$(BUILT_PRODUCTS_DIR)/vmovies.app/vmovies";
			};
			name = Release;
		};
		F17E0BF12786685F00045516 /* Debug */ = {
			isa = XCBuildConfiguration;
			buildSettings = {
				ALWAYS_EMBED_SWIFT_STANDARD_LIBRARIES = YES;
				CODE_SIGN_STYLE = Automatic;
				DEVELOPMENT_TEAM = 9MDW55AVP8;
				INFOPLIST_FILE = vmoviesUITests/Info.plist;
				LD_RUNPATH_SEARCH_PATHS = (
					"$(inherited)",
					"@executable_path/Frameworks",
					"@loader_path/Frameworks",
				);
				PRODUCT_BUNDLE_IDENTIFIER = com.ios.interview.vmoviesUITests;
				PRODUCT_NAME = "$(TARGET_NAME)";
				SWIFT_VERSION = 5.0;
				TARGETED_DEVICE_FAMILY = "1,2";
				TEST_TARGET_NAME = vmovies;
			};
			name = Debug;
		};
		F17E0BF22786685F00045516 /* Release */ = {
			isa = XCBuildConfiguration;
			buildSettings = {
				ALWAYS_EMBED_SWIFT_STANDARD_LIBRARIES = YES;
				CODE_SIGN_STYLE = Automatic;
				DEVELOPMENT_TEAM = 9MDW55AVP8;
				INFOPLIST_FILE = vmoviesUITests/Info.plist;
				LD_RUNPATH_SEARCH_PATHS = (
					"$(inherited)",
					"@executable_path/Frameworks",
					"@loader_path/Frameworks",
				);
				PRODUCT_BUNDLE_IDENTIFIER = com.ios.interview.vmoviesUITests;
				PRODUCT_NAME = "$(TARGET_NAME)";
				SWIFT_VERSION = 5.0;
				TARGETED_DEVICE_FAMILY = "1,2";
				TEST_TARGET_NAME = vmovies;
			};
			name = Release;
		};
/* End XCBuildConfiguration section */

/* Begin XCConfigurationList section */
		F17E0BBB2786685C00045516 /* Build configuration list for PBXProject "vmovies" */ = {
			isa = XCConfigurationList;
			buildConfigurations = (
				F17E0BE82786685F00045516 /* Debug */,
				F17E0BE92786685F00045516 /* Release */,
			);
			defaultConfigurationIsVisible = 0;
			defaultConfigurationName = Release;
		};
		F17E0BEA2786685F00045516 /* Build configuration list for PBXNativeTarget "vmovies" */ = {
			isa = XCConfigurationList;
			buildConfigurations = (
				F17E0BEB2786685F00045516 /* Debug */,
				F17E0BEC2786685F00045516 /* Release */,
			);
			defaultConfigurationIsVisible = 0;
			defaultConfigurationName = Release;
		};
		F17E0BED2786685F00045516 /* Build configuration list for PBXNativeTarget "vmoviesTests" */ = {
			isa = XCConfigurationList;
			buildConfigurations = (
				F17E0BEE2786685F00045516 /* Debug */,
				F17E0BEF2786685F00045516 /* Release */,
			);
			defaultConfigurationIsVisible = 0;
			defaultConfigurationName = Release;
		};
		F17E0BF02786685F00045516 /* Build configuration list for PBXNativeTarget "vmoviesUITests" */ = {
			isa = XCConfigurationList;
			buildConfigurations = (
				F17E0BF12786685F00045516 /* Debug */,
				F17E0BF22786685F00045516 /* Release */,
			);
			defaultConfigurationIsVisible = 0;
			defaultConfigurationName = Release;
		};
/* End XCConfigurationList section */
	};
	rootObject = F17E0BB82786685C00045516 /* Project object */;
}
