PODS:
  - Alamofire (5.4.4)
  - AwaitKit (5.2.0):
    - PromiseKit (~> 6)
  - PromiseKit (6.15.3):
    - PromiseKit/CorePromise (= 6.15.3)
    - PromiseKit/Foundation (= 6.15.3)
    - PromiseKit/UIKit (= 6.15.3)
  - PromiseKit/CorePromise (6.15.3)
  - PromiseKit/Foundation (6.15.3):
    - PromiseKit/CorePromise
  - PromiseKit/UIKit (6.15.3):
    - PromiseKit/CorePromise
  - R.swift (5.4.0):
    - R.swift.Library (~> 5.3.0)
  - R.swift.Library (5.3.0)
  - ReachabilitySwift (5.0.0)
  - SDWebImage (5.12.1):
    - SDWebImage/Core (= 5.12.1)
  - SDWebImage/Core (5.12.1)
  - SQLite.swift (0.13.0):
    - SQLite.swift/standard (= 0.13.0)
  - SQLite.swift/standard (0.13.0)
  - SQLiteMigrationManager.swift (0.8.0):
    - SQLite.swift (~> 0.13.0)

DEPENDENCIES:
  - Alamofire
  - AwaitKit (from `https://github.com/yannickl/AwaitKit.git`, branch `master`)
  - PromiseKit
  - R.swift
  - ReachabilitySwift
  - SDWebImage
  - SQLite.swift
  - SQLiteMigrationManager.swift

SPEC REPOS:
  trunk:
    - Alamofire
    - PromiseKit
    - R.swift
    - R.swift.Library
    - ReachabilitySwift
    - SDWebImage
    - SQLite.swift
    - SQLiteMigrationManager.swift

EXTERNAL SOURCES:
  AwaitKit:
    :branch: master
    :git: https://github.com/yannickl/AwaitKit.git

CHECKOUT OPTIONS:
  AwaitKit:
    :commit: 4b725f40dd189f40c0962cba792f06a2073bd977
    :git: https://github.com/yannickl/AwaitKit.git

SPEC CHECKSUMS:
  Alamofire: f3b09a368f1582ab751b3fff5460276e0d2cf5c9
  AwaitKit: 512626cd12c82b1fbffddc8f414d0364cb456004
  PromiseKit: 3b2b6995e51a954c46dbc550ce3da44fbfb563c5
  R.swift: c533450b0f7dc494e0993f5f1a1db925d84c3006
  R.swift.Library: 0fc583cb55a99e28901299cc451614cad1161962
  ReachabilitySwift: 985039c6f7b23a1da463388634119492ff86c825
  SDWebImage: 4dc3e42d9ec0c1028b960a33ac6b637bb432207b
  SQLite.swift: 8add701609fd0ef78d097dcc75d20a9782e6f5fc
  SQLiteMigrationManager.swift: 4818b59bf0be6a21e1a494571d4e12950d317bbc

PODFILE CHECKSUM: f68bce945aad19a1941c4150e404aed4744cc9b3

COCOAPODS: 1.11.2
